
Microsoft Visual Studio Solution File, Format Version 12.00
# Visual Studio Version 17
VisualStudioVersion = 17.3.32804.467
MinimumVisualStudioVersion = 10.0.40219.1
Project("{FAE04EC0-301F-11D3-BF4B-00C04F79EFBC}") = "Exercise_1_WPF", "Exercise_1_WPF\Exercise_1_WPF.csproj", "{AB9CB37F-AE1F-440E-B1BA-2470A313B5B1}"
EndProject
Global
	GlobalSection(SolutionConfigurationPlatforms) = preSolution
		Debug|Any CPU = Debug|Any CPU
		Release|Any CPU = Release|Any CPU
	EndGlobalSection
	GlobalSection(ProjectConfigurationPlatforms) = postSolution
		{AB9CB37F-AE1F-440E-B1BA-2470A313B5B1}.Debug|Any CPU.ActiveCfg = Debug|Any CPU
		{AB9CB37F-AE1F-440E-B1BA-2470A313B5B1}.Debug|Any CPU.Build.0 = Debug|Any CPU
		{AB9CB37F-AE1F-440E-B1BA-2470A313B5B1}.Release|Any CPU.ActiveCfg = Release|Any CPU
		{AB9CB37F-AE1F-440E-B1BA-2470A313B5B1}.Release|Any CPU.Build.0 = Release|Any CPU
	EndGlobalSection
	GlobalSection(SolutionProperties) = preSolution
		HideSolutionNode = FALSE
	EndGlobalSection
	GlobalSection(ExtensibilityGlobals) = postSolution
		SolutionGuid = {4CC13D89-3649-4858-B49A-2FB5CE60255E}
	EndGlobalSection
EndGlobal
